
Microsoft Visual Studio Solution File, Format Version 12.00
# Visual Studio Version 16
VisualStudioVersion = 16.0.31410.357
MinimumVisualStudioVersion = 10.0.40219.1
Project("{FAE04EC0-301F-11D3-BF4B-00C04F79EFBC}") = "repository-unitofwork", "repository-unitofwork\repository-unitofwork.csproj", "{CBE24712-5AA7-43FC-9DF8-518405B787F6}"
EndProject
Global
	GlobalSection(SolutionConfigurationPlatforms) = preSolution
		Debug|Any CPU = Debug|Any CPU
		Release|Any CPU = Release|Any CPU
	EndGlobalSection
	GlobalSection(ProjectConfigurationPlatforms) = postSolution
		{CBE24712-5AA7-43FC-9DF8-518405B787F6}.Debug|Any CPU.ActiveCfg = Debug|Any CPU
		{CBE24712-5AA7-43FC-9DF8-518405B787F6}.Debug|Any CPU.Build.0 = Debug|Any CPU
		{CBE24712-5AA7-43FC-9DF8-518405B787F6}.Release|Any CPU.ActiveCfg = Release|Any CPU
		{CBE24712-5AA7-43FC-9DF8-518405B787F6}.Release|Any CPU.Build.0 = Release|Any CPU
	EndGlobalSection
	GlobalSection(SolutionProperties) = preSolution
		HideSolutionNode = FALSE
	EndGlobalSection
	GlobalSection(ExtensibilityGlobals) = postSolution
		SolutionGuid = {B14B007C-5830-4F78-8CC9-C846D054FD88}
	EndGlobalSection
EndGlobal
